
Microsoft Visual Studio Solution File, Format Version 12.00
# Visual Studio Version 16
VisualStudioVersion = 16.0.30114.105
MinimumVisualStudioVersion = 10.0.40219.1
Project("{9A19103F-16F7-4668-BE54-9A1E7A4F7556}") = "DataAccess", "DataAccess\DataAccess.csproj", "{27E4B7CD-2E61-4A1A-916D-189D7F129267}"
EndProject
Project("{9A19103F-16F7-4668-BE54-9A1E7A4F7556}") = "Business", "Business\Business.csproj", "{212B2005-A088-49D1-9616-73BCF7F9BD63}"
EndProject
Project("{9A19103F-16F7-4668-BE54-9A1E7A4F7556}") = "Entities", "Entities\Entities.csproj", "{8F6D3CB6-2C98-4D04-9506-8BFF6E628522}"
EndProject
Project("{9A19103F-16F7-4668-BE54-9A1E7A4F7556}") = "ConsoleUI", "ConsoleUI\ConsoleUI.csproj", "{A1AA1240-D450-4676-81BF-D8F254A3D6DD}"
EndProject
Project("{9A19103F-16F7-4668-BE54-9A1E7A4F7556}") = "Core", "Core\Core.csproj", "{E34C2722-11D4-4F12-AC82-1295295F6745}"
EndProject
Project("{FAE04EC0-301F-11D3-BF4B-00C04F79EFBC}") = "WebAPI", "WebAPI\WebAPI.csproj", "{4E64DFBC-3DB7-4B26-852A-E25F4097C108}"
EndProject
Global
	GlobalSection(SolutionConfigurationPlatforms) = preSolution
		Debug|Any CPU = Debug|Any CPU
		Release|Any CPU = Release|Any CPU
	EndGlobalSection
	GlobalSection(ProjectConfigurationPlatforms) = postSolution
		{27E4B7CD-2E61-4A1A-916D-189D7F129267}.Debug|Any CPU.ActiveCfg = Debug|Any CPU
		{27E4B7CD-2E61-4A1A-916D-189D7F129267}.Debug|Any CPU.Build.0 = Debug|Any CPU
		{27E4B7CD-2E61-4A1A-916D-189D7F129267}.Release|Any CPU.ActiveCfg = Release|Any CPU
		{27E4B7CD-2E61-4A1A-916D-189D7F129267}.Release|Any CPU.Build.0 = Release|Any CPU
		{212B2005-A088-49D1-9616-73BCF7F9BD63}.Debug|Any CPU.ActiveCfg = Debug|Any CPU
		{212B2005-A088-49D1-9616-73BCF7F9BD63}.Debug|Any CPU.Build.0 = Debug|Any CPU
		{212B2005-A088-49D1-9616-73BCF7F9BD63}.Release|Any CPU.ActiveCfg = Release|Any CPU
		{212B2005-A088-49D1-9616-73BCF7F9BD63}.Release|Any CPU.Build.0 = Release|Any CPU
		{8F6D3CB6-2C98-4D04-9506-8BFF6E628522}.Debug|Any CPU.ActiveCfg = Debug|Any CPU
		{8F6D3CB6-2C98-4D04-9506-8BFF6E628522}.Debug|Any CPU.Build.0 = Debug|Any CPU
		{8F6D3CB6-2C98-4D04-9506-8BFF6E628522}.Release|Any CPU.ActiveCfg = Release|Any CPU
		{8F6D3CB6-2C98-4D04-9506-8BFF6E628522}.Release|Any CPU.Build.0 = Release|Any CPU
		{A1AA1240-D450-4676-81BF-D8F254A3D6DD}.Debug|Any CPU.ActiveCfg = Debug|Any CPU
		{A1AA1240-D450-4676-81BF-D8F254A3D6DD}.Debug|Any CPU.Build.0 = Debug|Any CPU
		{A1AA1240-D450-4676-81BF-D8F254A3D6DD}.Release|Any CPU.ActiveCfg = Release|Any CPU
		{A1AA1240-D450-4676-81BF-D8F254A3D6DD}.Release|Any CPU.Build.0 = Release|Any CPU
		{E34C2722-11D4-4F12-AC82-1295295F6745}.Debug|Any CPU.ActiveCfg = Debug|Any CPU
		{E34C2722-11D4-4F12-AC82-1295295F6745}.Debug|Any CPU.Build.0 = Debug|Any CPU
		{E34C2722-11D4-4F12-AC82-1295295F6745}.Release|Any CPU.ActiveCfg = Release|Any CPU
		{E34C2722-11D4-4F12-AC82-1295295F6745}.Release|Any CPU.Build.0 = Release|Any CPU
		{4E64DFBC-3DB7-4B26-852A-E25F4097C108}.Debug|Any CPU.ActiveCfg = Debug|Any CPU
		{4E64DFBC-3DB7-4B26-852A-E25F4097C108}.Debug|Any CPU.Build.0 = Debug|Any CPU
		{4E64DFBC-3DB7-4B26-852A-E25F4097C108}.Release|Any CPU.ActiveCfg = Release|Any CPU
		{4E64DFBC-3DB7-4B26-852A-E25F4097C108}.Release|Any CPU.Build.0 = Release|Any CPU
	EndGlobalSection
	GlobalSection(SolutionProperties) = preSolution
		HideSolutionNode = FALSE
	EndGlobalSection
	GlobalSection(ExtensibilityGlobals) = postSolution
		SolutionGuid = {D6044DE9-A5A2-48A7-90B7-697B074F3BF8}
	EndGlobalSection
EndGlobal
